// !$*UTF8*$!
{
	archiveVersion = 1;
	classes = {
	};
	objectVersion = 56;
	objects = {

/* Begin PBXBuildFile section */
		7B80A24629CA1F420039D06A /* FeedViewController.swift in Sources */ = {isa = PBXBuildFile; fileRef = 7B80A24529CA1F420039D06A /* FeedViewController.swift */; };
		7B80A24829CA1F800039D06A /* UploadViewController.swift in Sources */ = {isa = PBXBuildFile; fileRef = 7B80A24729CA1F800039D06A /* UploadViewController.swift */; };
		7B80A24A29CA1F8E0039D06A /* SettingViewController.swift in Sources */ = {isa = PBXBuildFile; fileRef = 7B80A24929CA1F8E0039D06A /* SettingViewController.swift */; };
		7BB5D46629C9BED9003FF236 /* AppDelegate.swift in Sources */ = {isa = PBXBuildFile; fileRef = 7BB5D46529C9BED9003FF236 /* AppDelegate.swift */; };
		7BB5D46829C9BED9003FF236 /* SceneDelegate.swift in Sources */ = {isa = PBXBuildFile; fileRef = 7BB5D46729C9BED9003FF236 /* SceneDelegate.swift */; };
		7BB5D46A29C9BED9003FF236 /* ViewController.swift in Sources */ = {isa = PBXBuildFile; fileRef = 7BB5D46929C9BED9003FF236 /* ViewController.swift */; };
		7BB5D46D29C9BED9003FF236 /* Main.storyboard in Resources */ = {isa = PBXBuildFile; fileRef = 7BB5D46B29C9BED9003FF236 /* Main.storyboard */; };
		7BB5D47029C9BED9003FF236 /* InstaCloneFirebase.xcdatamodeld in Sources */ = {isa = PBXBuildFile; fileRef = 7BB5D46E29C9BED9003FF236 /* InstaCloneFirebase.xcdatamodeld */; };
		7BB5D47229C9BEDC003FF236 /* Assets.xcassets in Resources */ = {isa = PBXBuildFile; fileRef = 7BB5D47129C9BEDC003FF236 /* Assets.xcassets */; };
		7BB5D47529C9BEDC003FF236 /* LaunchScreen.storyboard in Resources */ = {isa = PBXBuildFile; fileRef = 7BB5D47329C9BEDC003FF236 /* LaunchScreen.storyboard */; };
		7BB5D47D29C9BF19003FF236 /* GoogleService-Info.plist in Resources */ = {isa = PBXBuildFile; fileRef = 7BB5D47C29C9BF19003FF236 /* GoogleService-Info.plist */; };
		7BD4BA0829D1C040004E1B5C /* FeedCell.swift in Sources */ = {isa = PBXBuildFile; fileRef = 7BD4BA0729D1C040004E1B5C /* FeedCell.swift */; };
		BA80863C9588CD57082DE5F1 /* Pods_InstaCloneFirebase.framework in Frameworks */ = {isa = PBXBuildFile; fileRef = F057707C5BEA6FF6227CC496 /* Pods_InstaCloneFirebase.framework */; };
/* End PBXBuildFile section */

/* Begin PBXFileReference section */
		275C68F4C622C5C684CB8C19 /* Pods-InstaCloneFirebase.release.xcconfig */ = {isa = PBXFileReference; includeInIndex = 1; lastKnownFileType = text.xcconfig; name = "Pods-InstaCloneFirebase.release.xcconfig"; path = "Target Support Files/Pods-InstaCloneFirebase/Pods-InstaCloneFirebase.release.xcconfig"; sourceTree = "<group>"; };
		676F1AD20BC715B5FF70C7C8 /* Pods-InstaCloneFirebase.debug.xcconfig */ = {isa = PBXFileReference; includeInIndex = 1; lastKnownFileType = text.xcconfig; name = "Pods-InstaCloneFirebase.debug.xcconfig"; path = "Target Support Files/Pods-InstaCloneFirebase/Pods-InstaCloneFirebase.debug.xcconfig"; sourceTree = "<group>"; };
		7B80A24529CA1F420039D06A /* FeedViewController.swift */ = {isa = PBXFileReference; lastKnownFileType = sourcecode.swift; path = FeedViewController.swift; sourceTree = "<group>"; };
		7B80A24729CA1F800039D06A /* UploadViewController.swift */ = {isa = PBXFileReference; lastKnownFileType = sourcecode.swift; path = UploadViewController.swift; sourceTree = "<group>"; };
		7B80A24929CA1F8E0039D06A /* SettingViewController.swift */ = {isa = PBXFileReference; lastKnownFileType = sourcecode.swift; path = SettingViewController.swift; sourceTree = "<group>"; };
		7BB5D46229C9BED9003FF236 /* InstaCloneFirebase.app */ = {isa = PBXFileReference; explicitFileType = wrapper.application; includeInIndex = 0; path = InstaCloneFirebase.app; sourceTree = BUILT_PRODUCTS_DIR; };
		7BB5D46529C9BED9003FF236 /* AppDelegate.swift */ = {isa = PBXFileReference; lastKnownFileType = sourcecode.swift; path = AppDelegate.swift; sourceTree = "<group>"; };
		7BB5D46729C9BED9003FF236 /* SceneDelegate.swift */ = {isa = PBXFileReference; lastKnownFileType = sourcecode.swift; path = SceneDelegate.swift; sourceTree = "<group>"; };
		7BB5D46929C9BED9003FF236 /* ViewController.swift */ = {isa = PBXFileReference; lastKnownFileType = sourcecode.swift; path = ViewController.swift; sourceTree = "<group>"; };
		7BB5D46C29C9BED9003FF236 /* Base */ = {isa = PBXFileReference; lastKnownFileType = file.storyboard; name = Base; path = Base.lproj/Main.storyboard; sourceTree = "<group>"; };
		7BB5D46F29C9BED9003FF236 /* InstaCloneFirebase.xcdatamodel */ = {isa = PBXFileReference; lastKnownFileType = wrapper.xcdatamodel; path = InstaCloneFirebase.xcdatamodel; sourceTree = "<group>"; };
		7BB5D47129C9BEDC003FF236 /* Assets.xcassets */ = {isa = PBXFileReference; lastKnownFileType = folder.assetcatalog; path = Assets.xcassets; sourceTree = "<group>"; };
		7BB5D47429C9BEDC003FF236 /* Base */ = {isa = PBXFileReference; lastKnownFileType = file.storyboard; name = Base; path = Base.lproj/LaunchScreen.storyboard; sourceTree = "<group>"; };
		7BB5D47629C9BEDC003FF236 /* Info.plist */ = {isa = PBXFileReference; lastKnownFileType = text.plist.xml; path = Info.plist; sourceTree = "<group>"; };
		7BB5D47C29C9BF19003FF236 /* GoogleService-Info.plist */ = {isa = PBXFileReference; fileEncoding = 4; lastKnownFileType = text.plist.xml; path = "GoogleService-Info.plist"; sourceTree = "<group>"; };
		7BD4BA0729D1C040004E1B5C /* FeedCell.swift */ = {isa = PBXFileReference; lastKnownFileType = sourcecode.swift; path = FeedCell.swift; sourceTree = "<group>"; };
		F057707C5BEA6FF6227CC496 /* Pods_InstaCloneFirebase.framework */ = {isa = PBXFileReference; explicitFileType = wrapper.framework; includeInIndex = 0; path = Pods_InstaCloneFirebase.framework; sourceTree = BUILT_PRODUCTS_DIR; };
/* End PBXFileReference section */

/* Begin PBXFrameworksBuildPhase section */
		7BB5D45F29C9BED9003FF236 /* Frameworks */ = {
			isa = PBXFrameworksBuildPhase;
			buildActionMask = 2147483647;
			files = (
				BA80863C9588CD57082DE5F1 /* Pods_InstaCloneFirebase.framework in Frameworks */,
			);
			runOnlyForDeploymentPostprocessing = 0;
		};
/* End PBXFrameworksBuildPhase section */

/* Begin PBXGroup section */
		2191782E4D08ADA79F760CA0 /* Pods */ = {
			isa = PBXGroup;
			children = (
				676F1AD20BC715B5FF70C7C8 /* Pods-InstaCloneFirebase.debug.xcconfig */,
				275C68F4C622C5C684CB8C19 /* Pods-InstaCloneFirebase.release.xcconfig */,
			);
			path = Pods;
			sourceTree = "<group>";
		};
		7BB5D45929C9BED9003FF236 = {
			isa = PBXGroup;
			children = (
				7BB5D46429C9BED9003FF236 /* InstaCloneFirebase */,
				7BB5D46329C9BED9003FF236 /* Products */,
				2191782E4D08ADA79F760CA0 /* Pods */,
				EBB974409F732F81B84BC128 /* Frameworks */,
			);
			sourceTree = "<group>";
		};
		7BB5D46329C9BED9003FF236 /* Products */ = {
			isa = PBXGroup;
			children = (
				7BB5D46229C9BED9003FF236 /* InstaCloneFirebase.app */,
			);
			name = Products;
			sourceTree = "<group>";
		};
		7BB5D46429C9BED9003FF236 /* InstaCloneFirebase */ = {
			isa = PBXGroup;
			children = (
				7BB5D46529C9BED9003FF236 /* AppDelegate.swift */,
				7BB5D46729C9BED9003FF236 /* SceneDelegate.swift */,
				7BB5D46929C9BED9003FF236 /* ViewController.swift */,
				7B80A24529CA1F420039D06A /* FeedViewController.swift */,
				7B80A24729CA1F800039D06A /* UploadViewController.swift */,
				7B80A24929CA1F8E0039D06A /* SettingViewController.swift */,
				7BD4BA0729D1C040004E1B5C /* FeedCell.swift */,
				7BB5D46B29C9BED9003FF236 /* Main.storyboard */,
				7BB5D47129C9BEDC003FF236 /* Assets.xcassets */,
				7BB5D47329C9BEDC003FF236 /* LaunchScreen.storyboard */,
				7BB5D47629C9BEDC003FF236 /* Info.plist */,
				7BB5D46E29C9BED9003FF236 /* InstaCloneFirebase.xcdatamodeld */,
				7BB5D47C29C9BF19003FF236 /* GoogleService-Info.plist */,
			);
			path = InstaCloneFirebase;
			sourceTree = "<group>";
		};
		EBB974409F732F81B84BC128 /* Frameworks */ = {
			isa = PBXGroup;
			children = (
				F057707C5BEA6FF6227CC496 /* Pods_InstaCloneFirebase.framework */,
			);
			name = Frameworks;
			sourceTree = "<group>";
		};
/* End PBXGroup section */

/* Begin PBXNativeTarget section */
		7BB5D46129C9BED9003FF236 /* InstaCloneFirebase */ = {
			isa = PBXNativeTarget;
			buildConfigurationList = 7BB5D47929C9BEDC003FF236 /* Build configuration list for PBXNativeTarget "InstaCloneFirebase" */;
			buildPhases = (
				E598690CAFA5A51DCBAFE70A /* [CP] Check Pods Manifest.lock */,
				7BB5D45E29C9BED9003FF236 /* Sources */,
				7BB5D45F29C9BED9003FF236 /* Frameworks */,
				7BB5D46029C9BED9003FF236 /* Resources */,
				8381C6A58D85FB589E67DDC3 /* [CP] Embed Pods Frameworks */,
			);
			buildRules = (
			);
			dependencies = (
			);
			name = InstaCloneFirebase;
			productName = InstaCloneFirebase;
			productReference = 7BB5D46229C9BED9003FF236 /* InstaCloneFirebase.app */;
			productType = "com.apple.product-type.application";
		};
/* End PBXNativeTarget section */

/* Begin PBXProject section */
		7BB5D45A29C9BED9003FF236 /* Project object */ = {
			isa = PBXProject;
			attributes = {
				BuildIndependentTargetsInParallel = 1;
				LastSwiftUpdateCheck = 1400;
				LastUpgradeCheck = 1400;
				TargetAttributes = {
					7BB5D46129C9BED9003FF236 = {
						CreatedOnToolsVersion = 14.0.1;
					};
				};
			};
			buildConfigurationList = 7BB5D45D29C9BED9003FF236 /* Build configuration list for PBXProject "InstaCloneFirebase" */;
			compatibilityVersion = "Xcode 14.0";
			developmentRegion = en;
			hasScannedForEncodings = 0;
			knownRegions = (
				en,
				Base,
			);
			mainGroup = 7BB5D45929C9BED9003FF236;
			productRefGroup = 7BB5D46329C9BED9003FF236 /* Products */;
			projectDirPath = "";
			projectRoot = "";
			targets = (
				7BB5D46129C9BED9003FF236 /* InstaCloneFirebase */,
			);
		};
/* End PBXProject section */

/* Begin PBXResourcesBuildPhase section */
		7BB5D46029C9BED9003FF236 /* Resources */ = {
			isa = PBXResourcesBuildPhase;
			buildActionMask = 2147483647;
			files = (
				7BB5D47529C9BEDC003FF236 /* LaunchScreen.storyboard in Resources */,
				7BB5D47D29C9BF19003FF236 /* GoogleService-Info.plist in Resources */,
				7BB5D47229C9BEDC003FF236 /* Assets.xcassets in Resources */,
				7BB5D46D29C9BED9003FF236 /* Main.storyboard in Resources */,
			);
			runOnlyForDeploymentPostprocessing = 0;
		};
/* End PBXResourcesBuildPhase section */

/* Begin PBXShellScriptBuildPhase section */
		8381C6A58D85FB589E67DDC3 /* [CP] Embed Pods Frameworks */ = {
			isa = PBXShellScriptBuildPhase;
			buildActionMask = 2147483647;
			files = (
			);
			inputFileListPaths = (
				"${PODS_ROOT}/Target Support Files/Pods-InstaCloneFirebase/Pods-InstaCloneFirebase-frameworks-${CONFIGURATION}-input-files.xcfilelist",
			);
			name = "[CP] Embed Pods Frameworks";
			outputFileListPaths = (
				"${PODS_ROOT}/Target Support Files/Pods-InstaCloneFirebase/Pods-InstaCloneFirebase-frameworks-${CONFIGURATION}-output-files.xcfilelist",
			);
			runOnlyForDeploymentPostprocessing = 0;
			shellPath = /bin/sh;
			shellScript = "\"${PODS_ROOT}/Target Support Files/Pods-InstaCloneFirebase/Pods-InstaCloneFirebase-frameworks.sh\"\n";
			showEnvVarsInLog = 0;
		};
		E598690CAFA5A51DCBAFE70A /* [CP] Check Pods Manifest.lock */ = {
			isa = PBXShellScriptBuildPhase;
			buildActionMask = 2147483647;
			files = (
			);
			inputFileListPaths = (
			);
			inputPaths = (
				"${PODS_PODFILE_DIR_PATH}/Podfile.lock",
				"${PODS_ROOT}/Manifest.lock",
			);
			name = "[CP] Check Pods Manifest.lock";
			outputFileListPaths = (
			);
			outputPaths = (
				"$(DERIVED_FILE_DIR)/Pods-InstaCloneFirebase-checkManifestLockResult.txt",
			);
			runOnlyForDeploymentPostprocessing = 0;
			shellPath = /bin/sh;
			shellScript = "diff \"${PODS_PODFILE_DIR_PATH}/Podfile.lock\" \"${PODS_ROOT}/Manifest.lock\" > /dev/null\nif [ $? != 0 ] ; then\n    # print error to STDERR\n    echo \"error: The sandbox is not in sync with the Podfile.lock. Run 'pod install' or update your CocoaPods installation.\" >&2\n    exit 1\nfi\n# This output is used by Xcode 'outputs' to avoid re-running this script phase.\necho \"SUCCESS\" > \"${SCRIPT_OUTPUT_FILE_0}\"\n";
			showEnvVarsInLog = 0;
		};
/* End PBXShellScriptBuildPhase section */

/* Begin PBXSourcesBuildPhase section */
		7BB5D45E29C9BED9003FF236 /* Sources */ = {
			isa = PBXSourcesBuildPhase;
			buildActionMask = 2147483647;
			files = (
				7BB5D47029C9BED9003FF236 /* InstaCloneFirebase.xcdatamodeld in Sources */,
				7B80A24829CA1F800039D06A /* UploadViewController.swift in Sources */,
				7BB5D46A29C9BED9003FF236 /* ViewController.swift in Sources */,
				7B80A24629CA1F420039D06A /* FeedViewController.swift in Sources */,
				7BB5D46629C9BED9003FF236 /* AppDelegate.swift in Sources */,
				7BD4BA0829D1C040004E1B5C /* FeedCell.swift in Sources */,
				7B80A24A29CA1F8E0039D06A /* SettingViewController.swift in Sources */,
				7BB5D46829C9BED9003FF236 /* SceneDelegate.swift in Sources */,
			);
			runOnlyForDeploymentPostprocessing = 0;
		};
/* End PBXSourcesBuildPhase section */

/* Begin PBXVariantGroup section */
		7BB5D46B29C9BED9003FF236 /* Main.storyboard */ = {
			isa = PBXVariantGroup;
			children = (
				7BB5D46C29C9BED9003FF236 /* Base */,
			);
			name = Main.storyboard;
			sourceTree = "<group>";
		};
		7BB5D47329C9BEDC003FF236 /* LaunchScreen.storyboard */ = {
			isa = PBXVariantGroup;
			children = (
				7BB5D47429C9BEDC003FF236 /* Base */,
			);
			name = LaunchScreen.storyboard;
			sourceTree = "<group>";
		};
/* End PBXVariantGroup section */

/* Begin XCBuildConfiguration section */
		7BB5D47729C9BEDC003FF236 /* Debug */ = {
			isa = XCBuildConfiguration;
			buildSettings = {
				ALWAYS_SEARCH_USER_PATHS = NO;
				CLANG_ANALYZER_NONNULL = YES;
				CLANG_ANALYZER_NUMBER_OBJECT_CONVERSION = YES_AGGRESSIVE;
				CLANG_CXX_LANGUAGE_STANDARD = "gnu++20";
				CLANG_ENABLE_MODULES = YES;
				CLANG_ENABLE_OBJC_ARC = YES;
				CLANG_ENABLE_OBJC_WEAK = YES;
				CLANG_WARN_BLOCK_CAPTURE_AUTORELEASING = YES;
				CLANG_WARN_BOOL_CONVERSION = YES;
				CLANG_WARN_COMMA = YES;
				CLANG_WARN_CONSTANT_CONVERSION = YES;
				CLANG_WARN_DEPRECATED_OBJC_IMPLEMENTATIONS = YES;
				CLANG_WARN_DIRECT_OBJC_ISA_USAGE = YES_ERROR;
				CLANG_WARN_DOCUMENTATION_COMMENTS = YES;
				CLANG_WARN_EMPTY_BODY = YES;
				CLANG_WARN_ENUM_CONVERSION = YES;
				CLANG_WARN_INFINITE_RECURSION = YES;
				CLANG_WARN_INT_CONVERSION = YES;
				CLANG_WARN_NON_LITERAL_NULL_CONVERSION = YES;
				CLANG_WARN_OBJC_IMPLICIT_RETAIN_SELF = YES;
				CLANG_WARN_OBJC_LITERAL_CONVERSION = YES;
				CLANG_WARN_OBJC_ROOT_CLASS = YES_ERROR;
				CLANG_WARN_QUOTED_INCLUDE_IN_FRAMEWORK_HEADER = YES;
				CLANG_WARN_RANGE_LOOP_ANALYSIS = YES;
				CLANG_WARN_STRICT_PROTOTYPES = YES;
				CLANG_WARN_SUSPICIOUS_MOVE = YES;
				CLANG_WARN_UNGUARDED_AVAILABILITY = YES_AGGRESSIVE;
				CLANG_WARN_UNREACHABLE_CODE = YES;
				CLANG_WARN__DUPLICATE_METHOD_MATCH = YES;
				COPY_PHASE_STRIP = NO;
				DEBUG_INFORMATION_FORMAT = dwarf;
				ENABLE_STRICT_OBJC_MSGSEND = YES;
				ENABLE_TESTABILITY = YES;
				GCC_C_LANGUAGE_STANDARD = gnu11;
				GCC_DYNAMIC_NO_PIC = NO;
				GCC_NO_COMMON_BLOCKS = YES;
				GCC_OPTIMIZATION_LEVEL = 0;
				GCC_PREPROCESSOR_DEFINITIONS = (
					"DEBUG=1",
					"$(inherited)",
				);
				GCC_WARN_64_TO_32_BIT_CONVERSION = YES;
				GCC_WARN_ABOUT_RETURN_TYPE = YES_ERROR;
				GCC_WARN_UNDECLARED_SELECTOR = YES;
				GCC_WARN_UNINITIALIZED_AUTOS = YES_AGGRESSIVE;
				GCC_WARN_UNUSED_FUNCTION = YES;
				GCC_WARN_UNUSED_VARIABLE = YES;
				IPHONEOS_DEPLOYMENT_TARGET = 16.0;
				MTL_ENABLE_DEBUG_INFO = INCLUDE_SOURCE;
				MTL_FAST_MATH = YES;
				ONLY_ACTIVE_ARCH = YES;
				SDKROOT = iphoneos;
				SWIFT_ACTIVE_COMPILATION_CONDITIONS = DEBUG;
				SWIFT_OPTIMIZATION_LEVEL = "-Onone";
			};
			name = Debug;
		};
		7BB5D47829C9BEDC003FF236 /* Release */ = {
			isa = XCBuildConfiguration;
			buildSettings = {
				ALWAYS_SEARCH_USER_PATHS = NO;
				CLANG_ANALYZER_NONNULL = YES;
				CLANG_ANALYZER_NUMBER_OBJECT_CONVERSION = YES_AGGRESSIVE;
				CLANG_CXX_LANGUAGE_STANDARD = "gnu++20";
				CLANG_ENABLE_MODULES = YES;
				CLANG_ENABLE_OBJC_ARC = YES;
				CLANG_ENABLE_OBJC_WEAK = YES;
				CLANG_WARN_BLOCK_CAPTURE_AUTORELEASING = YES;
				CLANG_WARN_BOOL_CONVERSION = YES;
				CLANG_WARN_COMMA = YES;
				CLANG_WARN_CONSTANT_CONVERSION = YES;
				CLANG_WARN_DEPRECATED_OBJC_IMPLEMENTATIONS = YES;
				CLANG_WARN_DIRECT_OBJC_ISA_USAGE = YES_ERROR;
				CLANG_WARN_DOCUMENTATION_COMMENTS = YES;
				CLANG_WARN_EMPTY_BODY = YES;
				CLANG_WARN_ENUM_CONVERSION = YES;
				CLANG_WARN_INFINITE_RECURSION = YES;
				CLANG_WARN_INT_CONVERSION = YES;
				CLANG_WARN_NON_LITERAL_NULL_CONVERSION = YES;
				CLANG_WARN_OBJC_IMPLICIT_RETAIN_SELF = YES;
				CLANG_WARN_OBJC_LITERAL_CONVERSION = YES;
				CLANG_WARN_OBJC_ROOT_CLASS = YES_ERROR;
				CLANG_WARN_QUOTED_INCLUDE_IN_FRAMEWORK_HEADER = YES;
				CLANG_WARN_RANGE_LOOP_ANALYSIS = YES;
				CLANG_WARN_STRICT_PROTOTYPES = YES;
				CLANG_WARN_SUSPICIOUS_MOVE = YES;
				CLANG_WARN_UNGUARDED_AVAILABILITY = YES_AGGRESSIVE;
				CLANG_WARN_UNREACHABLE_CODE = YES;
				CLANG_WARN__DUPLICATE_METHOD_MATCH = YES;
				COPY_PHASE_STRIP = NO;
				DEBUG_INFORMATION_FORMAT = "dwarf-with-dsym";
				ENABLE_NS_ASSERTIONS = NO;
				ENABLE_STRICT_OBJC_MSGSEND = YES;
				GCC_C_LANGUAGE_STANDARD = gnu11;
				GCC_NO_COMMON_BLOCKS = YES;
				GCC_WARN_64_TO_32_BIT_CONVERSION = YES;
				GCC_WARN_ABOUT_RETURN_TYPE = YES_ERROR;
				GCC_WARN_UNDECLARED_SELECTOR = YES;
				GCC_WARN_UNINITIALIZED_AUTOS = YES_AGGRESSIVE;
				GCC_WARN_UNUSED_FUNCTION = YES;
				GCC_WARN_UNUSED_VARIABLE = YES;
				IPHONEOS_DEPLOYMENT_TARGET = 16.0;
				MTL_ENABLE_DEBUG_INFO = NO;
				MTL_FAST_MATH = YES;
				SDKROOT = iphoneos;
				SWIFT_COMPILATION_MODE = wholemodule;
				SWIFT_OPTIMIZATION_LEVEL = "-O";
				VALIDATE_PRODUCT = YES;
			};
			name = Release;
		};
		7BB5D47A29C9BEDC003FF236 /* Debug */ = {
			isa = XCBuildConfiguration;
			baseConfigurationReference = 676F1AD20BC715B5FF70C7C8 /* Pods-InstaCloneFirebase.debug.xcconfig */;
			buildSettings = {
				ASSETCATALOG_COMPILER_APPICON_NAME = AppIcon;
				ASSETCATALOG_COMPILER_GLOBAL_ACCENT_COLOR_NAME = AccentColor;
				CODE_SIGN_STYLE = Automatic;
				CURRENT_PROJECT_VERSION = 1;
				DEVELOPMENT_TEAM = QZ24H8XDF7;
				GENERATE_INFOPLIST_FILE = YES;
				INFOPLIST_FILE = InstaCloneFirebase/Info.plist;
				INFOPLIST_KEY_UIApplicationSupportsIndirectInputEvents = YES;
				INFOPLIST_KEY_UILaunchStoryboardName = LaunchScreen;
				INFOPLIST_KEY_UIMainStoryboardFile = Main;
				INFOPLIST_KEY_UISupportedInterfaceOrientations_iPad = "UIInterfaceOrientationPortrait UIInterfaceOrientationPortraitUpsideDown UIInterfaceOrientationLandscapeLeft UIInterfaceOrientationLandscapeRight";
				INFOPLIST_KEY_UISupportedInterfaceOrientations_iPhone = "UIInterfaceOrientationPortrait UIInterfaceOrientationLandscapeLeft UIInterfaceOrientationLandscapeRight";
				LD_RUNPATH_SEARCH_PATHS = (
					"$(inherited)",
					"@executable_path/Frameworks",
				);
				MARKETING_VERSION = 1.0;
				PRODUCT_BUNDLE_IDENTIFIER = com.ezgiturgut.InstaCloneFirebase;
				PRODUCT_NAME = "$(TARGET_NAME)";
				SWIFT_EMIT_LOC_STRINGS = YES;
				SWIFT_VERSION = 5.0;
				TARGETED_DEVICE_FAMILY = "1,2";
			};
			name = Debug;
		};
		7BB5D47B29C9BEDC003FF236 /* Release */ = {
			isa = XCBuildConfiguration;
			baseConfigurationReference = 275C68F4C622C5C684CB8C19 /* Pods-InstaCloneFirebase.release.xcconfig */;
			buildSettings = {
				ASSETCATALOG_COMPILER_APPICON_NAME = AppIcon;
				ASSETCATALOG_COMPILER_GLOBAL_ACCENT_COLOR_NAME = AccentColor;
				CODE_SIGN_STYLE = Automatic;
				CURRENT_PROJECT_VERSION = 1;
				DEVELOPMENT_TEAM = QZ24H8XDF7;
				GENERATE_INFOPLIST_FILE = YES;
				INFOPLIST_FILE = InstaCloneFirebase/Info.plist;
				INFOPLIST_KEY_UIApplicationSupportsIndirectInputEvents = YES;
				INFOPLIST_KEY_UILaunchStoryboardName = LaunchScreen;
				INFOPLIST_KEY_UIMainStoryboardFile = Main;
				INFOPLIST_KEY_UISupportedInterfaceOrientations_iPad = "UIInterfaceOrientationPortrait UIInterfaceOrientationPortraitUpsideDown UIInterfaceOrientationLandscapeLeft UIInterfaceOrientationLandscapeRight";
				INFOPLIST_KEY_UISupportedInterfaceOrientations_iPhone = "UIInterfaceOrientationPortrait UIInterfaceOrientationLandscapeLeft UIInterfaceOrientationLandscapeRight";
				LD_RUNPATH_SEARCH_PATHS = (
					"$(inherited)",
					"@executable_path/Frameworks",
				);
				MARKETING_VERSION = 1.0;
				PRODUCT_BUNDLE_IDENTIFIER = com.ezgiturgut.InstaCloneFirebase;
				PRODUCT_NAME = "$(TARGET_NAME)";
				SWIFT_EMIT_LOC_STRINGS = YES;
				SWIFT_VERSION = 5.0;
				TARGETED_DEVICE_FAMILY = "1,2";
			};
			name = Release;
		};
/* End XCBuildConfiguration section */

/* Begin XCConfigurationList section */
		7BB5D45D29C9BED9003FF236 /* Build configuration list for PBXProject "InstaCloneFirebase" */ = {
			isa = XCConfigurationList;
			buildConfigurations = (
				7BB5D47729C9BEDC003FF236 /* Debug */,
				7BB5D47829C9BEDC003FF236 /* Release */,
			);
			defaultConfigurationIsVisible = 0;
			defaultConfigurationName = Release;
		};
		7BB5D47929C9BEDC003FF236 /* Build configuration list for PBXNativeTarget "InstaCloneFirebase" */ = {
			isa = XCConfigurationList;
			buildConfigurations = (
				7BB5D47A29C9BEDC003FF236 /* Debug */,
				7BB5D47B29C9BEDC003FF236 /* Release */,
			);
			defaultConfigurationIsVisible = 0;
			defaultConfigurationName = Release;
		};
/* End XCConfigurationList section */

/* Begin XCVersionGroup section */
		7BB5D46E29C9BED9003FF236 /* InstaCloneFirebase.xcdatamodeld */ = {
			isa = XCVersionGroup;
			children = (
				7BB5D46F29C9BED9003FF236 /* InstaCloneFirebase.xcdatamodel */,
			);
			currentVersion = 7BB5D46F29C9BED9003FF236 /* InstaCloneFirebase.xcdatamodel */;
			path = InstaCloneFirebase.xcdatamodeld;
			sourceTree = "<group>";
			versionGroupType = wrapper.xcdatamodel;
		};
/* End XCVersionGroup section */
	};
	rootObject = 7BB5D45A29C9BED9003FF236 /* Project object */;
}
